
Microsoft Visual Studio Solution File, Format Version 12.00
# Visual Studio Version 17
VisualStudioVersion = 17.4.32916.344
MinimumVisualStudioVersion = 10.0.40219.1
Project("{9A19103F-16F7-4668-BE54-9A1E7A4F7556}") = "RouteToolingDemo", "src\RouteToolingDemo\RouteToolingDemo.csproj", "{5ED30703-66CB-462D-A134-824390032724}"
EndProject
Global
	GlobalSection(SolutionConfigurationPlatforms) = preSolution
		Debug|Any CPU = Debug|Any CPU
		Release|Any CPU = Release|Any CPU
	EndGlobalSection
	GlobalSection(ProjectConfigurationPlatforms) = postSolution
		{5ED30703-66CB-462D-A134-824390032724}.Debug|Any CPU.ActiveCfg = Debug|Any CPU
		{5ED30703-66CB-462D-A134-824390032724}.Debug|Any CPU.Build.0 = Debug|Any CPU
		{5ED30703-66CB-462D-A134-824390032724}.Release|Any CPU.ActiveCfg = Release|Any CPU
		{5ED30703-66CB-462D-A134-824390032724}.Release|Any CPU.Build.0 = Release|Any CPU
	EndGlobalSection
	GlobalSection(SolutionProperties) = preSolution
		HideSolutionNode = FALSE
	EndGlobalSection
	GlobalSection(ExtensibilityGlobals) = postSolution
		SolutionGuid = {A518AAE4-DE59-4A2D-A99D-2A6B92096536}
	EndGlobalSection
EndGlobal
